{
    "version": 3,
    "terraform_version": "0.9.11",
    "serial": 43,
    "lineage": "2bd184c3-3c73-4659-a177-c1e99c4cbf76",
    "modules": [
        {
            "path": [
                "root"
            ],
            "outputs": {
                "ec2_instance_id": {
                    "sensitive": false,
                    "type": "string",
                    "value": "i-0121e37c872a465d6"
                },
                "ec2_private_ip": {
                    "sensitive": false,
                    "type": "string",
                    "value": "172.31.2.28"
                },
                "ec2_public_ip": {
                    "sensitive": false,
                    "type": "string",
                    "value": "13.59.249.142"
                }
            },
            "resources": {
                "aws_instance.web": {
                    "type": "aws_instance",
                    "depends_on": [
                        "aws_key_pair.auth",
                        "aws_security_group.default"
                    ],
                    "primary": {
                        "id": "i-0121e37c872a465d6",
                        "attributes": {
                            "ami": "ami-11aa8c74",
                            "associate_public_ip_address": "true",
                            "availability_zone": "us-east-2a",
                            "disable_api_termination": "false",
                            "ebs_block_device.#": "0",
                            "ebs_optimized": "false",
                            "ephemeral_block_device.#": "0",
                            "iam_instance_profile": "",
                            "id": "i-0121e37c872a465d6",
                            "instance_state": "running",
                            "instance_type": "t2.micro",
                            "ipv6_addresses.#": "0",
                            "key_name": "terraform",
                            "monitoring": "false",
                            "network_interface.#": "0",
                            "network_interface_id": "eni-7454a91f",
                            "primary_network_interface_id": "eni-7454a91f",
                            "private_dns": "ip-172-31-2-28.us-east-2.compute.internal",
                            "private_ip": "172.31.2.28",
                            "public_dns": "ec2-13-59-249-142.us-east-2.compute.amazonaws.com",
                            "public_ip": "13.59.249.142",
                            "root_block_device.#": "1",
                            "root_block_device.0.delete_on_termination": "true",
                            "root_block_device.0.iops": "100",
                            "root_block_device.0.volume_size": "10",
                            "root_block_device.0.volume_type": "gp2",
                            "security_groups.#": "0",
                            "source_dest_check": "true",
                            "subnet_id": "subnet-b1453fd8",
                            "tags.%": "0",
                            "tenancy": "default",
                            "volume_tags.%": "0",
                            "vpc_security_group_ids.#": "1",
                            "vpc_security_group_ids.1466837995": "sg-3d110d54"
                        },
                        "meta": {
                            "e2bfb730-ecaa-11e6-8f88-34363bc7c4c0": {
                                "create": 600000000000,
                                "delete": 600000000000,
                                "update": 600000000000
                            },
                            "schema_version": "1"
                        },
                        "tainted": false
                    },
                    "deposed": [],
                    "provider": ""
                },
                "aws_key_pair.auth": {
                    "type": "aws_key_pair",
                    "depends_on": [],
                    "primary": {
                        "id": "terraform",
                        "attributes": {
                            "id": "terraform",
                            "key_name": "terraform",
                            "public_key": "ssh-rsa AAAAB3NzaC1yc2EAAAADAQABAAACAQCugOoXNO3FRjKttROpV9ouUofCG8dWk7rcJU6b2zk2mcS8z9VfLZN0en36E9V4C95qVioOP48awRDTx+ieFN8QdWU1poL5elb65O6LJv+Hf9wP8Xg5tski4paMVKtmgW5K5g5MQEn5qPtdlvJIwp2HMYzsXZLziaM700y99FEJneZPLl/6UnytV+OcQfzPObkERxSI2eTci6/9faNAKQ3zMrE8Pr1GaPposlHboK1JzRoWzqvJQFy4r5O6/lBbFOrFN/XM3T/HUK8VbTQsHIgwUeRMegNretyhI79SbZ8CA/X/KHxu1edtQkgPflgJB1fu/7M8jJBanViucFgg4CqBaoZoc4Xq0ZDB28ZwEBUc8kcq4Qsu2jHN59nCfr3b2BPDajO/cHW5bYZzykJFo9v3fFaXuocqk09r13vCsXcjqRZIexNAcAn8FK/NzYC5POOWCTwlw2ea/0RCCDDRnrcrjTf6aWM08FN6xJtyfoRdWAjaWRyRXv5SYSb9UwaQraszbt69IIdHW5+PEEk8yXt13oGoScIKksGl9m04dLGfwTkWKCBYjrJw1Tz0ZfRpOwZAQIL3LbctAoKkJtMlh3l/r1b+HiWrDg6X2WiHXF15nphlvImL58jh88+NYaBarwSChxkQpvCTiLuoqdXz+a3hy6zt9QaASVYL/vYls9rKlw== mlin1508@gmail.com"
                        },
                        "meta": {
                            "schema_version": "1"
                        },
                        "tainted": false
                    },
                    "deposed": [],
                    "provider": ""
                },
                "aws_security_group.default": {
                    "type": "aws_security_group",
                    "depends_on": [],
                    "primary": {
                        "id": "sg-3d110d54",
                        "attributes": {
                            "description": "Used in the terraform",
                            "egress.#": "1",
                            "egress.482069346.cidr_blocks.#": "1",
                            "egress.482069346.cidr_blocks.0": "0.0.0.0/0",
                            "egress.482069346.from_port": "0",
                            "egress.482069346.ipv6_cidr_blocks.#": "0",
                            "egress.482069346.prefix_list_ids.#": "0",
                            "egress.482069346.protocol": "-1",
                            "egress.482069346.security_groups.#": "0",
                            "egress.482069346.self": "false",
                            "egress.482069346.to_port": "0",
                            "id": "sg-3d110d54",
                            "ingress.#": "3",
                            "ingress.2214680975.cidr_blocks.#": "1",
                            "ingress.2214680975.cidr_blocks.0": "0.0.0.0/0",
                            "ingress.2214680975.from_port": "80",
                            "ingress.2214680975.ipv6_cidr_blocks.#": "0",
                            "ingress.2214680975.protocol": "tcp",
                            "ingress.2214680975.security_groups.#": "0",
                            "ingress.2214680975.self": "false",
                            "ingress.2214680975.to_port": "80",
                            "ingress.2541437006.cidr_blocks.#": "1",
                            "ingress.2541437006.cidr_blocks.0": "0.0.0.0/0",
                            "ingress.2541437006.from_port": "22",
                            "ingress.2541437006.ipv6_cidr_blocks.#": "0",
                            "ingress.2541437006.protocol": "tcp",
                            "ingress.2541437006.security_groups.#": "0",
                            "ingress.2541437006.self": "false",
                            "ingress.2541437006.to_port": "22",
                            "ingress.2617001939.cidr_blocks.#": "1",
                            "ingress.2617001939.cidr_blocks.0": "0.0.0.0/0",
                            "ingress.2617001939.from_port": "443",
                            "ingress.2617001939.ipv6_cidr_blocks.#": "0",
                            "ingress.2617001939.protocol": "tcp",
                            "ingress.2617001939.security_groups.#": "0",
                            "ingress.2617001939.self": "false",
                            "ingress.2617001939.to_port": "443",
                            "name": "access_ssh_http_https",
                            "owner_id": "417925591751",
                            "tags.%": "0",
                            "vpc_id": "vpc-bb4531d2"
                        },
                        "meta": {},
                        "tainted": false
                    },
                    "deposed": [],
                    "provider": ""
                }
            },
            "depends_on": []
        }
    ]
}
